// !$*UTF8*$!
{
	archiveVersion = 1;
	classes = {
	};
	objectVersion = 50;
	objects = {

/* Begin PBXBuildFile section */
		C789944F24BC15750063BC8F /* AppDelegate.swift in Sources */ = {isa = PBXBuildFile; fileRef = C789944E24BC15750063BC8F /* AppDelegate.swift */; };
		C789945124BC15750063BC8F /* SceneDelegate.swift in Sources */ = {isa = PBXBuildFile; fileRef = C789945024BC15750063BC8F /* SceneDelegate.swift */; };
		C789945324BC15750063BC8F /* ViewController.swift in Sources */ = {isa = PBXBuildFile; fileRef = C789945224BC15750063BC8F /* ViewController.swift */; };
		C789945624BC15750063BC8F /* Main.storyboard in Resources */ = {isa = PBXBuildFile; fileRef = C789945424BC15750063BC8F /* Main.storyboard */; };
		C789945824BC15770063BC8F /* Assets.xcassets in Resources */ = {isa = PBXBuildFile; fileRef = C789945724BC15770063BC8F /* Assets.xcassets */; };
		C789945B24BC15770063BC8F /* LaunchScreen.storyboard in Resources */ = {isa = PBXBuildFile; fileRef = C789945924BC15770063BC8F /* LaunchScreen.storyboard */; };
		C789946624BC15770063BC8F /* TippyTests.swift in Sources */ = {isa = PBXBuildFile; fileRef = C789946524BC15770063BC8F /* TippyTests.swift */; };
		C789947124BC15770063BC8F /* TippyUITests.swift in Sources */ = {isa = PBXBuildFile; fileRef = C789947024BC15770063BC8F /* TippyUITests.swift */; };
/* End PBXBuildFile section */

/* Begin PBXContainerItemProxy section */
		C789946224BC15770063BC8F /* PBXContainerItemProxy */ = {
			isa = PBXContainerItemProxy;
			containerPortal = C789944324BC15740063BC8F /* Project object */;
			proxyType = 1;
			remoteGlobalIDString = C789944A24BC15740063BC8F;
			remoteInfo = Tippy;
		};
		C789946D24BC15770063BC8F /* PBXContainerItemProxy */ = {
			isa = PBXContainerItemProxy;
			containerPortal = C789944324BC15740063BC8F /* Project object */;
			proxyType = 1;
			remoteGlobalIDString = C789944A24BC15740063BC8F;
			remoteInfo = Tippy;
		};
/* End PBXContainerItemProxy section */

/* Begin PBXFileReference section */
		C789944B24BC15740063BC8F /* Tippy.app */ = {isa = PBXFileReference; explicitFileType = wrapper.application; includeInIndex = 0; path = Tippy.app; sourceTree = BUILT_PRODUCTS_DIR; };
		C789944E24BC15750063BC8F /* AppDelegate.swift */ = {isa = PBXFileReference; lastKnownFileType = sourcecode.swift; path = AppDelegate.swift; sourceTree = "<group>"; };
		C789945024BC15750063BC8F /* SceneDelegate.swift */ = {isa = PBXFileReference; lastKnownFileType = sourcecode.swift; path = SceneDelegate.swift; sourceTree = "<group>"; };
		C789945224BC15750063BC8F /* ViewController.swift */ = {isa = PBXFileReference; lastKnownFileType = sourcecode.swift; path = ViewController.swift; sourceTree = "<group>"; };
		C789945524BC15750063BC8F /* Base */ = {isa = PBXFileReference; lastKnownFileType = file.storyboard; name = Base; path = Base.lproj/Main.storyboard; sourceTree = "<group>"; };
		C789945724BC15770063BC8F /* Assets.xcassets */ = {isa = PBXFileReference; lastKnownFileType = folder.assetcatalog; path = Assets.xcassets; sourceTree = "<group>"; };
		C789945A24BC15770063BC8F /* Base */ = {isa = PBXFileReference; lastKnownFileType = file.storyboard; name = Base; path = Base.lproj/LaunchScreen.storyboard; sourceTree = "<group>"; };
		C789945C24BC15770063BC8F /* Info.plist */ = {isa = PBXFileReference; lastKnownFileType = text.plist.xml; path = Info.plist; sourceTree = "<group>"; };
		C789946124BC15770063BC8F /* TippyTests.xctest */ = {isa = PBXFileReference; explicitFileType = wrapper.cfbundle; includeInIndex = 0; path = TippyTests.xctest; sourceTree = BUILT_PRODUCTS_DIR; };
		C789946524BC15770063BC8F /* TippyTests.swift */ = {isa = PBXFileReference; lastKnownFileType = sourcecode.swift; path = TippyTests.swift; sourceTree = "<group>"; };
		C789946724BC15770063BC8F /* Info.plist */ = {isa = PBXFileReference; lastKnownFileType = text.plist.xml; path = Info.plist; sourceTree = "<group>"; };
		C789946C24BC15770063BC8F /* TippyUITests.xctest */ = {isa = PBXFileReference; explicitFileType = wrapper.cfbundle; includeInIndex = 0; path = TippyUITests.xctest; sourceTree = BUILT_PRODUCTS_DIR; };
		C789947024BC15770063BC8F /* TippyUITests.swift */ = {isa = PBXFileReference; lastKnownFileType = sourcecode.swift; path = TippyUITests.swift; sourceTree = "<group>"; };
		C789947224BC15770063BC8F /* Info.plist */ = {isa = PBXFileReference; lastKnownFileType = text.plist.xml; path = Info.plist; sourceTree = "<group>"; };
/* End PBXFileReference section */

/* Begin PBXFrameworksBuildPhase section */
		C789944824BC15740063BC8F /* Frameworks */ = {
			isa = PBXFrameworksBuildPhase;
			buildActionMask = 2147483647;
			files = (
			);
			runOnlyForDeploymentPostprocessing = 0;
		};
		C789945E24BC15770063BC8F /* Frameworks */ = {
			isa = PBXFrameworksBuildPhase;
			buildActionMask = 2147483647;
			files = (
			);
			runOnlyForDeploymentPostprocessing = 0;
		};
		C789946924BC15770063BC8F /* Frameworks */ = {
			isa = PBXFrameworksBuildPhase;
			buildActionMask = 2147483647;
			files = (
			);
			runOnlyForDeploymentPostprocessing = 0;
		};
/* End PBXFrameworksBuildPhase section */

/* Begin PBXGroup section */
		C789944224BC15740063BC8F = {
			isa = PBXGroup;
			children = (
				C789944D24BC15740063BC8F /* Tippy */,
				C789946424BC15770063BC8F /* TippyTests */,
				C789946F24BC15770063BC8F /* TippyUITests */,
				C789944C24BC15740063BC8F /* Products */,
			);
			sourceTree = "<group>";
		};
		C789944C24BC15740063BC8F /* Products */ = {
			isa = PBXGroup;
			children = (
				C789944B24BC15740063BC8F /* Tippy.app */,
				C789946124BC15770063BC8F /* TippyTests.xctest */,
				C789946C24BC15770063BC8F /* TippyUITests.xctest */,
			);
			name = Products;
			sourceTree = "<group>";
		};
		C789944D24BC15740063BC8F /* Tippy */ = {
			isa = PBXGroup;
			children = (
				C789944E24BC15750063BC8F /* AppDelegate.swift */,
				C789945024BC15750063BC8F /* SceneDelegate.swift */,
				C789945224BC15750063BC8F /* ViewController.swift */,
				C789945424BC15750063BC8F /* Main.storyboard */,
				C789945724BC15770063BC8F /* Assets.xcassets */,
				C789945924BC15770063BC8F /* LaunchScreen.storyboard */,
				C789945C24BC15770063BC8F /* Info.plist */,
			);
			path = Tippy;
			sourceTree = "<group>";
		};
		C789946424BC15770063BC8F /* TippyTests */ = {
			isa = PBXGroup;
			children = (
				C789946524BC15770063BC8F /* TippyTests.swift */,
				C789946724BC15770063BC8F /* Info.plist */,
			);
			path = TippyTests;
			sourceTree = "<group>";
		};
		C789946F24BC15770063BC8F /* TippyUITests */ = {
			isa = PBXGroup;
			children = (
				C789947024BC15770063BC8F /* TippyUITests.swift */,
				C789947224BC15770063BC8F /* Info.plist */,
			);
			path = TippyUITests;
			sourceTree = "<group>";
		};
/* End PBXGroup section */

/* Begin PBXNativeTarget section */
		C789944A24BC15740063BC8F /* Tippy */ = {
			isa = PBXNativeTarget;
			buildConfigurationList = C789947524BC15770063BC8F /* Build configuration list for PBXNativeTarget "Tippy" */;
			buildPhases = (
				C789944724BC15740063BC8F /* Sources */,
				C789944824BC15740063BC8F /* Frameworks */,
				C789944924BC15740063BC8F /* Resources */,
			);
			buildRules = (
			);
			dependencies = (
			);
			name = Tippy;
			productName = Tippy;
			productReference = C789944B24BC15740063BC8F /* Tippy.app */;
			productType = "com.apple.product-type.application";
		};
		C789946024BC15770063BC8F /* TippyTests */ = {
			isa = PBXNativeTarget;
			buildConfigurationList = C789947824BC15770063BC8F /* Build configuration list for PBXNativeTarget "TippyTests" */;
			buildPhases = (
				C789945D24BC15770063BC8F /* Sources */,
				C789945E24BC15770063BC8F /* Frameworks */,
				C789945F24BC15770063BC8F /* Resources */,
			);
			buildRules = (
			);
			dependencies = (
				C789946324BC15770063BC8F /* PBXTargetDependency */,
			);
			name = TippyTests;
			productName = TippyTests;
			productReference = C789946124BC15770063BC8F /* TippyTests.xctest */;
			productType = "com.apple.product-type.bundle.unit-test";
		};
		C789946B24BC15770063BC8F /* TippyUITests */ = {
			isa = PBXNativeTarget;
			buildConfigurationList = C789947B24BC15770063BC8F /* Build configuration list for PBXNativeTarget "TippyUITests" */;
			buildPhases = (
				C789946824BC15770063BC8F /* Sources */,
				C789946924BC15770063BC8F /* Frameworks */,
				C789946A24BC15770063BC8F /* Resources */,
			);
			buildRules = (
			);
			dependencies = (
				C789946E24BC15770063BC8F /* PBXTargetDependency */,
			);
			name = TippyUITests;
			productName = TippyUITests;
			productReference = C789946C24BC15770063BC8F /* TippyUITests.xctest */;
			productType = "com.apple.product-type.bundle.ui-testing";
		};
/* End PBXNativeTarget section */

/* Begin PBXProject section */
		C789944324BC15740063BC8F /* Project object */ = {
			isa = PBXProject;
			attributes = {
				LastSwiftUpdateCheck = 1150;
				LastUpgradeCheck = 1150;
				ORGANIZATIONNAME = "Sajid Ahmed";
				TargetAttributes = {
					C789944A24BC15740063BC8F = {
						CreatedOnToolsVersion = 11.5;
					};
					C789946024BC15770063BC8F = {
						CreatedOnToolsVersion = 11.5;
						TestTargetID = C789944A24BC15740063BC8F;
					};
					C789946B24BC15770063BC8F = {
						CreatedOnToolsVersion = 11.5;
						TestTargetID = C789944A24BC15740063BC8F;
					};
				};
			};
			buildConfigurationList = C789944624BC15740063BC8F /* Build configuration list for PBXProject "Tippy" */;
			compatibilityVersion = "Xcode 9.3";
			developmentRegion = en;
			hasScannedForEncodings = 0;
			knownRegions = (
				en,
				Base,
			);
			mainGroup = C789944224BC15740063BC8F;
			productRefGroup = C789944C24BC15740063BC8F /* Products */;
			projectDirPath = "";
			projectRoot = "";
			targets = (
				C789944A24BC15740063BC8F /* Tippy */,
				C789946024BC15770063BC8F /* TippyTests */,
				C789946B24BC15770063BC8F /* TippyUITests */,
			);
		};
/* End PBXProject section */

/* Begin PBXResourcesBuildPhase section */
		C789944924BC15740063BC8F /* Resources */ = {
			isa = PBXResourcesBuildPhase;
			buildActionMask = 2147483647;
			files = (
				C789945B24BC15770063BC8F /* LaunchScreen.storyboard in Resources */,
				C789945824BC15770063BC8F /* Assets.xcassets in Resources */,
				C789945624BC15750063BC8F /* Main.storyboard in Resources */,
			);
			runOnlyForDeploymentPostprocessing = 0;
		};
		C789945F24BC15770063BC8F /* Resources */ = {
			isa = PBXResourcesBuildPhase;
			buildActionMask = 2147483647;
			files = (
			);
			runOnlyForDeploymentPostprocessing = 0;
		};
		C789946A24BC15770063BC8F /* Resources */ = {
			isa = PBXResourcesBuildPhase;
			buildActionMask = 2147483647;
			files = (
			);
			runOnlyForDeploymentPostprocessing = 0;
		};
/* End PBXResourcesBuildPhase section */

/* Begin PBXSourcesBuildPhase section */
		C789944724BC15740063BC8F /* Sources */ = {
			isa = PBXSourcesBuildPhase;
			buildActionMask = 2147483647;
			files = (
				C789945324BC15750063BC8F /* ViewController.swift in Sources */,
				C789944F24BC15750063BC8F /* AppDelegate.swift in Sources */,
				C789945124BC15750063BC8F /* SceneDelegate.swift in Sources */,
			);
			runOnlyForDeploymentPostprocessing = 0;
		};
		C789945D24BC15770063BC8F /* Sources */ = {
			isa = PBXSourcesBuildPhase;
			buildActionMask = 2147483647;
			files = (
				C789946624BC15770063BC8F /* TippyTests.swift in Sources */,
			);
			runOnlyForDeploymentPostprocessing = 0;
		};
		C789946824BC15770063BC8F /* Sources */ = {
			isa = PBXSourcesBuildPhase;
			buildActionMask = 2147483647;
			files = (
				C789947124BC15770063BC8F /* TippyUITests.swift in Sources */,
			);
			runOnlyForDeploymentPostprocessing = 0;
		};
/* End PBXSourcesBuildPhase section */

/* Begin PBXTargetDependency section */
		C789946324BC15770063BC8F /* PBXTargetDependency */ = {
			isa = PBXTargetDependency;
			target = C789944A24BC15740063BC8F /* Tippy */;
			targetProxy = C789946224BC15770063BC8F /* PBXContainerItemProxy */;
		};
		C789946E24BC15770063BC8F /* PBXTargetDependency */ = {
			isa = PBXTargetDependency;
			target = C789944A24BC15740063BC8F /* Tippy */;
			targetProxy = C789946D24BC15770063BC8F /* PBXContainerItemProxy */;
		};
/* End PBXTargetDependency section */

/* Begin PBXVariantGroup section */
		C789945424BC15750063BC8F /* Main.storyboard */ = {
			isa = PBXVariantGroup;
			children = (
				C789945524BC15750063BC8F /* Base */,
			);
			name = Main.storyboard;
			sourceTree = "<group>";
		};
		C789945924BC15770063BC8F /* LaunchScreen.storyboard */ = {
			isa = PBXVariantGroup;
			children = (
				C789945A24BC15770063BC8F /* Base */,
			);
			name = LaunchScreen.storyboard;
			sourceTree = "<group>";
		};
/* End PBXVariantGroup section */

/* Begin XCBuildConfiguration section */
		C789947324BC15770063BC8F /* Debug */ = {
			isa = XCBuildConfiguration;
			buildSettings = {
				ALWAYS_SEARCH_USER_PATHS = NO;
				CLANG_ANALYZER_NONNULL = YES;
				CLANG_ANALYZER_NUMBER_OBJECT_CONVERSION = YES_AGGRESSIVE;
				CLANG_CXX_LANGUAGE_STANDARD = "gnu++14";
				CLANG_CXX_LIBRARY = "libc++";
				CLANG_ENABLE_MODULES = YES;
				CLANG_ENABLE_OBJC_ARC = YES;
				CLANG_ENABLE_OBJC_WEAK = YES;
				CLANG_WARN_BLOCK_CAPTURE_AUTORELEASING = YES;
				CLANG_WARN_BOOL_CONVERSION = YES;
				CLANG_WARN_COMMA = YES;
				CLANG_WARN_CONSTANT_CONVERSION = YES;
				CLANG_WARN_DEPRECATED_OBJC_IMPLEMENTATIONS = YES;
				CLANG_WARN_DIRECT_OBJC_ISA_USAGE = YES_ERROR;
				CLANG_WARN_DOCUMENTATION_COMMENTS = YES;
				CLANG_WARN_EMPTY_BODY = YES;
				CLANG_WARN_ENUM_CONVERSION = YES;
				CLANG_WARN_INFINITE_RECURSION = YES;
				CLANG_WARN_INT_CONVERSION = YES;
				CLANG_WARN_NON_LITERAL_NULL_CONVERSION = YES;
				CLANG_WARN_OBJC_IMPLICIT_RETAIN_SELF = YES;
				CLANG_WARN_OBJC_LITERAL_CONVERSION = YES;
				CLANG_WARN_OBJC_ROOT_CLASS = YES_ERROR;
				CLANG_WARN_RANGE_LOOP_ANALYSIS = YES;
				CLANG_WARN_STRICT_PROTOTYPES = YES;
				CLANG_WARN_SUSPICIOUS_MOVE = YES;
				CLANG_WARN_UNGUARDED_AVAILABILITY = YES_AGGRESSIVE;
				CLANG_WARN_UNREACHABLE_CODE = YES;
				CLANG_WARN__DUPLICATE_METHOD_MATCH = YES;
				COPY_PHASE_STRIP = NO;
				DEBUG_INFORMATION_FORMAT = dwarf;
				ENABLE_STRICT_OBJC_MSGSEND = YES;
				ENABLE_TESTABILITY = YES;
				GCC_C_LANGUAGE_STANDARD = gnu11;
				GCC_DYNAMIC_NO_PIC = NO;
				GCC_NO_COMMON_BLOCKS = YES;
				GCC_OPTIMIZATION_LEVEL = 0;
				GCC_PREPROCESSOR_DEFINITIONS = (
					"DEBUG=1",
					"$(inherited)",
				);
				GCC_WARN_64_TO_32_BIT_CONVERSION = YES;
				GCC_WARN_ABOUT_RETURN_TYPE = YES_ERROR;
				GCC_WARN_UNDECLARED_SELECTOR = YES;
				GCC_WARN_UNINITIALIZED_AUTOS = YES_AGGRESSIVE;
				GCC_WARN_UNUSED_FUNCTION = YES;
				GCC_WARN_UNUSED_VARIABLE = YES;
				IPHONEOS_DEPLOYMENT_TARGET = 13.5;
				MTL_ENABLE_DEBUG_INFO = INCLUDE_SOURCE;
				MTL_FAST_MATH = YES;
				ONLY_ACTIVE_ARCH = YES;
				SDKROOT = iphoneos;
				SWIFT_ACTIVE_COMPILATION_CONDITIONS = DEBUG;
				SWIFT_OPTIMIZATION_LEVEL = "-Onone";
			};
			name = Debug;
		};
		C789947424BC15770063BC8F /* Release */ = {
			isa = XCBuildConfiguration;
			buildSettings = {
				ALWAYS_SEARCH_USER_PATHS = NO;
				CLANG_ANALYZER_NONNULL = YES;
				CLANG_ANALYZER_NUMBER_OBJECT_CONVERSION = YES_AGGRESSIVE;
				CLANG_CXX_LANGUAGE_STANDARD = "gnu++14";
				CLANG_CXX_LIBRARY = "libc++";
				CLANG_ENABLE_MODULES = YES;
				CLANG_ENABLE_OBJC_ARC = YES;
				CLANG_ENABLE_OBJC_WEAK = YES;
				CLANG_WARN_BLOCK_CAPTURE_AUTORELEASING = YES;
				CLANG_WARN_BOOL_CONVERSION = YES;
				CLANG_WARN_COMMA = YES;
				CLANG_WARN_CONSTANT_CONVERSION = YES;
				CLANG_WARN_DEPRECATED_OBJC_IMPLEMENTATIONS = YES;
				CLANG_WARN_DIRECT_OBJC_ISA_USAGE = YES_ERROR;
				CLANG_WARN_DOCUMENTATION_COMMENTS = YES;
				CLANG_WARN_EMPTY_BODY = YES;
				CLANG_WARN_ENUM_CONVERSION = YES;
				CLANG_WARN_INFINITE_RECURSION = YES;
				CLANG_WARN_INT_CONVERSION = YES;
				CLANG_WARN_NON_LITERAL_NULL_CONVERSION = YES;
				CLANG_WARN_OBJC_IMPLICIT_RETAIN_SELF = YES;
				CLANG_WARN_OBJC_LITERAL_CONVERSION = YES;
				CLANG_WARN_OBJC_ROOT_CLASS = YES_ERROR;
				CLANG_WARN_RANGE_LOOP_ANALYSIS = YES;
				CLANG_WARN_STRICT_PROTOTYPES = YES;
				CLANG_WARN_SUSPICIOUS_MOVE = YES;
				CLANG_WARN_UNGUARDED_AVAILABILITY = YES_AGGRESSIVE;
				CLANG_WARN_UNREACHABLE_CODE = YES;
				CLANG_WARN__DUPLICATE_METHOD_MATCH = YES;
				COPY_PHASE_STRIP = NO;
				DEBUG_INFORMATION_FORMAT = "dwarf-with-dsym";
				ENABLE_NS_ASSERTIONS = NO;
				ENABLE_STRICT_OBJC_MSGSEND = YES;
				GCC_C_LANGUAGE_STANDARD = gnu11;
				GCC_NO_COMMON_BLOCKS = YES;
				GCC_WARN_64_TO_32_BIT_CONVERSION = YES;
				GCC_WARN_ABOUT_RETURN_TYPE = YES_ERROR;
				GCC_WARN_UNDECLARED_SELECTOR = YES;
				GCC_WARN_UNINITIALIZED_AUTOS = YES_AGGRESSIVE;
				GCC_WARN_UNUSED_FUNCTION = YES;
				GCC_WARN_UNUSED_VARIABLE = YES;
				IPHONEOS_DEPLOYMENT_TARGET = 13.5;
				MTL_ENABLE_DEBUG_INFO = NO;
				MTL_FAST_MATH = YES;
				SDKROOT = iphoneos;
				SWIFT_COMPILATION_MODE = wholemodule;
				SWIFT_OPTIMIZATION_LEVEL = "-O";
				VALIDATE_PRODUCT = YES;
			};
			name = Release;
		};
		C789947624BC15770063BC8F /* Debug */ = {
			isa = XCBuildConfiguration;
			buildSettings = {
				ASSETCATALOG_COMPILER_APPICON_NAME = AppIcon;
				CODE_SIGN_STYLE = Automatic;
				DEVELOPMENT_TEAM = 2R686B53C9;
				INFOPLIST_FILE = Tippy/Info.plist;
				LD_RUNPATH_SEARCH_PATHS = (
					"$(inherited)",
					"@executable_path/Frameworks",
				);
				PRODUCT_BUNDLE_IDENTIFIER = com.sajidahmed.Tippy;
				PRODUCT_NAME = "$(TARGET_NAME)";
				SWIFT_VERSION = 5.0;
				TARGETED_DEVICE_FAMILY = "1,2";
			};
			name = Debug;
		};
		C789947724BC15770063BC8F /* Release */ = {
			isa = XCBuildConfiguration;
			buildSettings = {
				ASSETCATALOG_COMPILER_APPICON_NAME = AppIcon;
				CODE_SIGN_STYLE = Automatic;
				DEVELOPMENT_TEAM = 2R686B53C9;
				INFOPLIST_FILE = Tippy/Info.plist;
				LD_RUNPATH_SEARCH_PATHS = (
					"$(inherited)",
					"@executable_path/Frameworks",
				);
				PRODUCT_BUNDLE_IDENTIFIER = com.sajidahmed.Tippy;
				PRODUCT_NAME = "$(TARGET_NAME)";
				SWIFT_VERSION = 5.0;
				TARGETED_DEVICE_FAMILY = "1,2";
			};
			name = Release;
		};
		C789947924BC15770063BC8F /* Debug */ = {
			isa = XCBuildConfiguration;
			buildSettings = {
				ALWAYS_EMBED_SWIFT_STANDARD_LIBRARIES = YES;
				BUNDLE_LOADER = "$(TEST_HOST)";
				CODE_SIGN_STYLE = Automatic;
				DEVELOPMENT_TEAM = 2R686B53C9;
				INFOPLIST_FILE = TippyTests/Info.plist;
				IPHONEOS_DEPLOYMENT_TARGET = 13.5;
				LD_RUNPATH_SEARCH_PATHS = (
					"$(inherited)",
					"@executable_path/Frameworks",
					"@loader_path/Frameworks",
				);
				PRODUCT_BUNDLE_IDENTIFIER = com.sajidahmed.TippyTests;
				PRODUCT_NAME = "$(TARGET_NAME)";
				SWIFT_VERSION = 5.0;
				TARGETED_DEVICE_FAMILY = "1,2";
				TEST_HOST = "$(BUILT_PRODUCTS_DIR)/Tippy.app/Tippy";
			};
			name = Debug;
		};
		C789947A24BC15770063BC8F /* Release */ = {
			isa = XCBuildConfiguration;
			buildSettings = {
				ALWAYS_EMBED_SWIFT_STANDARD_LIBRARIES = YES;
				BUNDLE_LOADER = "$(TEST_HOST)";
				CODE_SIGN_STYLE = Automatic;
				DEVELOPMENT_TEAM = 2R686B53C9;
				INFOPLIST_FILE = TippyTests/Info.plist;
				IPHONEOS_DEPLOYMENT_TARGET = 13.5;
				LD_RUNPATH_SEARCH_PATHS = (
					"$(inherited)",
					"@executable_path/Frameworks",
					"@loader_path/Frameworks",
				);
				PRODUCT_BUNDLE_IDENTIFIER = com.sajidahmed.TippyTests;
				PRODUCT_NAME = "$(TARGET_NAME)";
				SWIFT_VERSION = 5.0;
				TARGETED_DEVICE_FAMILY = "1,2";
				TEST_HOST = "$(BUILT_PRODUCTS_DIR)/Tippy.app/Tippy";
			};
			name = Release;
		};
		C789947C24BC15770063BC8F /* Debug */ = {
			isa = XCBuildConfiguration;
			buildSettings = {
				ALWAYS_EMBED_SWIFT_STANDARD_LIBRARIES = YES;
				CODE_SIGN_STYLE = Automatic;
				DEVELOPMENT_TEAM = 2R686B53C9;
				INFOPLIST_FILE = TippyUITests/Info.plist;
				LD_RUNPATH_SEARCH_PATHS = (
					"$(inherited)",
					"@executable_path/Frameworks",
					"@loader_path/Frameworks",
				);
				PRODUCT_BUNDLE_IDENTIFIER = com.sajidahmed.TippyUITests;
				PRODUCT_NAME = "$(TARGET_NAME)";
				SWIFT_VERSION = 5.0;
				TARGETED_DEVICE_FAMILY = "1,2";
				TEST_TARGET_NAME = Tippy;
			};
			name = Debug;
		};
		C789947D24BC15770063BC8F /* Release */ = {
			isa = XCBuildConfiguration;
			buildSettings = {
				ALWAYS_EMBED_SWIFT_STANDARD_LIBRARIES = YES;
				CODE_SIGN_STYLE = Automatic;
				DEVELOPMENT_TEAM = 2R686B53C9;
				INFOPLIST_FILE = TippyUITests/Info.plist;
				LD_RUNPATH_SEARCH_PATHS = (
					"$(inherited)",
					"@executable_path/Frameworks",
					"@loader_path/Frameworks",
				);
				PRODUCT_BUNDLE_IDENTIFIER = com.sajidahmed.TippyUITests;
				PRODUCT_NAME = "$(TARGET_NAME)";
				SWIFT_VERSION = 5.0;
				TARGETED_DEVICE_FAMILY = "1,2";
				TEST_TARGET_NAME = Tippy;
			};
			name = Release;
		};
/* End XCBuildConfiguration section */

/* Begin XCConfigurationList section */
		C789944624BC15740063BC8F /* Build configuration list for PBXProject "Tippy" */ = {
			isa = XCConfigurationList;
			buildConfigurations = (
				C789947324BC15770063BC8F /* Debug */,
				C789947424BC15770063BC8F /* Release */,
			);
			defaultConfigurationIsVisible = 0;
			defaultConfigurationName = Release;
		};
		C789947524BC15770063BC8F /* Build configuration list for PBXNativeTarget "Tippy" */ = {
			isa = XCConfigurationList;
			buildConfigurations = (
				C789947624BC15770063BC8F /* Debug */,
				C789947724BC15770063BC8F /* Release */,
			);
			defaultConfigurationIsVisible = 0;
			defaultConfigurationName = Release;
		};
		C789947824BC15770063BC8F /* Build configuration list for PBXNativeTarget "TippyTests" */ = {
			isa = XCConfigurationList;
			buildConfigurations = (
				C789947924BC15770063BC8F /* Debug */,
				C789947A24BC15770063BC8F /* Release */,
			);
			defaultConfigurationIsVisible = 0;
			defaultConfigurationName = Release;
		};
		C789947B24BC15770063BC8F /* Build configuration list for PBXNativeTarget "TippyUITests" */ = {
			isa = XCConfigurationList;
			buildConfigurations = (
				C789947C24BC15770063BC8F /* Debug */,
				C789947D24BC15770063BC8F /* Release */,
			);
			defaultConfigurationIsVisible = 0;
			defaultConfigurationName = Release;
		};
/* End XCConfigurationList section */
	};
	rootObject = C789944324BC15740063BC8F /* Project object */;
}
